
Microsoft Visual Studio Solution File, Format Version 12.00
# Visual Studio Version 17
VisualStudioVersion = 17.8.34525.116
MinimumVisualStudioVersion = 10.0.40219.1
Project("{9A19103F-16F7-4668-BE54-9A1E7A4F7556}") = "MyFirstASPNETWebAppFun", "MyFirstASPNETWebAppFun\MyFirstASPNETWebAppFun.csproj", "{7A2D2BB1-5D74-4E81-8E72-128F43FC54E1}"
EndProject
Global
	GlobalSection(SolutionConfigurationPlatforms) = preSolution
		Debug|Any CPU = Debug|Any CPU
		Release|Any CPU = Release|Any CPU
	EndGlobalSection
	GlobalSection(ProjectConfigurationPlatforms) = postSolution
		{7A2D2BB1-5D74-4E81-8E72-128F43FC54E1}.Debug|Any CPU.ActiveCfg = Debug|Any CPU
		{7A2D2BB1-5D74-4E81-8E72-128F43FC54E1}.Debug|Any CPU.Build.0 = Debug|Any CPU
		{7A2D2BB1-5D74-4E81-8E72-128F43FC54E1}.Release|Any CPU.ActiveCfg = Release|Any CPU
		{7A2D2BB1-5D74-4E81-8E72-128F43FC54E1}.Release|Any CPU.Build.0 = Release|Any CPU
	EndGlobalSection
	GlobalSection(SolutionProperties) = preSolution
		HideSolutionNode = FALSE
	EndGlobalSection
	GlobalSection(ExtensibilityGlobals) = postSolution
		SolutionGuid = {795B2EE1-BDCB-4499-ACF4-1E35080F2AB6}
	EndGlobalSection
EndGlobal
